
Microsoft Visual Studio Solution File, Format Version 12.00
# Visual Studio Version 17
VisualStudioVersion = 17.11.35327.3
MinimumVisualStudioVersion = 10.0.40219.1
Project("{FAE04EC0-301F-11D3-BF4B-00C04F79EFBC}") = "NunitAPIUser", "NunitAPIUser\NunitAPIUser.csproj", "{1D84425B-704B-429D-AB1B-4940218164EB}"
EndProject
Global
	GlobalSection(SolutionConfigurationPlatforms) = preSolution
		Debug|Any CPU = Debug|Any CPU
		Release|Any CPU = Release|Any CPU
	EndGlobalSection
	GlobalSection(ProjectConfigurationPlatforms) = postSolution
		{1D84425B-704B-429D-AB1B-4940218164EB}.Debug|Any CPU.ActiveCfg = Debug|Any CPU
		{1D84425B-704B-429D-AB1B-4940218164EB}.Debug|Any CPU.Build.0 = Debug|Any CPU
		{1D84425B-704B-429D-AB1B-4940218164EB}.Release|Any CPU.ActiveCfg = Release|Any CPU
		{1D84425B-704B-429D-AB1B-4940218164EB}.Release|Any CPU.Build.0 = Release|Any CPU
	EndGlobalSection
	GlobalSection(SolutionProperties) = preSolution
		HideSolutionNode = FALSE
	EndGlobalSection
	GlobalSection(ExtensibilityGlobals) = postSolution
		SolutionGuid = {656D5C34-B8C6-47EE-8273-B53984A97D93}
	EndGlobalSection
EndGlobal
